
Microsoft Visual Studio Solution File, Format Version 12.00
# Visual Studio Version 17
VisualStudioVersion = 17.9.34728.123
MinimumVisualStudioVersion = 10.0.40219.1
Project("{FAE04EC0-301F-11D3-BF4B-00C04F79EFBC}") = "GraphQLProject", "GraphQLProject\GraphQLProject.csproj", "{E3F04D1F-86B1-4DA2-B9A7-90A6E9100C81}"
EndProject
Global
	GlobalSection(SolutionConfigurationPlatforms) = preSolution
		Debug|Any CPU = Debug|Any CPU
		Release|Any CPU = Release|Any CPU
	EndGlobalSection
	GlobalSection(ProjectConfigurationPlatforms) = postSolution
		{E3F04D1F-86B1-4DA2-B9A7-90A6E9100C81}.Debug|Any CPU.ActiveCfg = Debug|Any CPU
		{E3F04D1F-86B1-4DA2-B9A7-90A6E9100C81}.Debug|Any CPU.Build.0 = Debug|Any CPU
		{E3F04D1F-86B1-4DA2-B9A7-90A6E9100C81}.Release|Any CPU.ActiveCfg = Release|Any CPU
		{E3F04D1F-86B1-4DA2-B9A7-90A6E9100C81}.Release|Any CPU.Build.0 = Release|Any CPU
	EndGlobalSection
	GlobalSection(SolutionProperties) = preSolution
		HideSolutionNode = FALSE
	EndGlobalSection
	GlobalSection(ExtensibilityGlobals) = postSolution
		SolutionGuid = {A7AC6D1D-6E82-4AB9-AB9E-1365836880DC}
	EndGlobalSection
EndGlobal
